
Microsoft Visual Studio Solution File, Format Version 12.00
# Visual Studio Version 16
VisualStudioVersion = 16.0.29324.140
MinimumVisualStudioVersion = 10.0.40219.1
Project("{FAE04EC0-301F-11D3-BF4B-00C04F79EFBC}") = "WPFUI", "WPFUI\WPFUI.csproj", "{588C3B42-89E5-4CBD-A3FC-D62BB4A65A0F}"
EndProject
Project("{FAE04EC0-301F-11D3-BF4B-00C04F79EFBC}") = "Engine", "Engine\Engine.csproj", "{D72A6A86-B89C-45CE-876E-5FA2203D384D}"
EndProject
Project("{FAE04EC0-301F-11D3-BF4B-00C04F79EFBC}") = "TestEngine", "TestEngine\TestEngine.csproj", "{D3EF9E9B-2D08-4FD1-84B7-34D76CBD29C4}"
EndProject
Global
	GlobalSection(SolutionConfigurationPlatforms) = preSolution
		Debug|Any CPU = Debug|Any CPU
		Release|Any CPU = Release|Any CPU
	EndGlobalSection
	GlobalSection(ProjectConfigurationPlatforms) = postSolution
		{588C3B42-89E5-4CBD-A3FC-D62BB4A65A0F}.Debug|Any CPU.ActiveCfg = Debug|Any CPU
		{588C3B42-89E5-4CBD-A3FC-D62BB4A65A0F}.Debug|Any CPU.Build.0 = Debug|Any CPU
		{588C3B42-89E5-4CBD-A3FC-D62BB4A65A0F}.Release|Any CPU.ActiveCfg = Release|Any CPU
		{588C3B42-89E5-4CBD-A3FC-D62BB4A65A0F}.Release|Any CPU.Build.0 = Release|Any CPU
		{D72A6A86-B89C-45CE-876E-5FA2203D384D}.Debug|Any CPU.ActiveCfg = Debug|Any CPU
		{D72A6A86-B89C-45CE-876E-5FA2203D384D}.Debug|Any CPU.Build.0 = Debug|Any CPU
		{D72A6A86-B89C-45CE-876E-5FA2203D384D}.Release|Any CPU.ActiveCfg = Release|Any CPU
		{D72A6A86-B89C-45CE-876E-5FA2203D384D}.Release|Any CPU.Build.0 = Release|Any CPU
		{D3EF9E9B-2D08-4FD1-84B7-34D76CBD29C4}.Debug|Any CPU.ActiveCfg = Debug|Any CPU
		{D3EF9E9B-2D08-4FD1-84B7-34D76CBD29C4}.Debug|Any CPU.Build.0 = Debug|Any CPU
		{D3EF9E9B-2D08-4FD1-84B7-34D76CBD29C4}.Release|Any CPU.ActiveCfg = Release|Any CPU
		{D3EF9E9B-2D08-4FD1-84B7-34D76CBD29C4}.Release|Any CPU.Build.0 = Release|Any CPU
	EndGlobalSection
	GlobalSection(SolutionProperties) = preSolution
		HideSolutionNode = FALSE
	EndGlobalSection
	GlobalSection(ExtensibilityGlobals) = postSolution
		SolutionGuid = {632935CE-54CB-483F-9536-2EC708EF9825}
	EndGlobalSection
EndGlobal
